{
  "nodes": {
    "nixpkgs": {
      "locked": {
        "lastModified": 1780734595,
        "narHash": "sha256-6dS2ANYCbYVtpZqHpNGVJ3H9xyH+5nhMLWwWR/fYWJM=",
        "rev": "9b696460ac78b5ccfc17c854d8c976f20456e943",
        "type": "tarball",
        "url": "https://releases.nixos.org/nixos/26.05/nixos-26.05.1415.9b696460ac78/nixexprs.tar.xz?lastModified=1780734595&rev=9b696460ac78b5ccfc17c854d8c976f20456e943"
      },
      "original": {
        "type": "tarball",
        "url": "https://channels.nixos.org/nixos-26.05/nixexprs.tar.xz"
      }
    },
    "root": {
      "inputs": {
        "nixpkgs": "nixpkgs"
      }
    }
  },
  "root": "root",
  "version": 7
}
