{
  "nodes": {
    "nixpkgs": {
      "locked": {
        "lastModified": 1771043024,
        "narHash": "sha256-WoiezqWJQ3OHILah+p6rzNXdJceEAmAhyDFZFZ6pZzY=",
        "rev": "3aadb7ca9eac2891d52a9dec199d9580a6e2bf44",
        "type": "tarball",
        "url": "https://releases.nixos.org/nixos/25.11/nixos-25.11.5960.3aadb7ca9eac/nixexprs.tar.xz?lastModified=1771043024&rev=3aadb7ca9eac2891d52a9dec199d9580a6e2bf44"
      },
      "original": {
        "type": "tarball",
        "url": "https://channels.nixos.org/nixos-25.11/nixexprs.tar.xz"
      }
    },
    "root": {
      "inputs": {
        "nixpkgs": "nixpkgs"
      }
    }
  },
  "root": "root",
  "version": 7
}
